
Microsoft Visual Studio Solution File, Format Version 12.00
# Visual Studio Version 17
VisualStudioVersion = 17.11.35222.181
MinimumVisualStudioVersion = 10.0.40219.1
Project("{9A19103F-16F7-4668-BE54-9A1E7A4F7556}") = "EEN4PB_HSZF_2024251.Console", "EEN4PB_HSZF_2024251.Console\EEN4PB_HSZF_2024251.Console.csproj", "{09CCCF8D-A159-4B6C-8ECE-F86AB0467DE3}"
EndProject
Project("{FAE04EC0-301F-11D3-BF4B-00C04F79EFBC}") = "EEN4PB_HSZF_2024251.Application", "EEN4PB_HSZF_2024251.Application\EEN4PB_HSZF_2024251.Application.csproj", "{017B1A49-582E-41CD-8F53-B14C363CF9BE}"
EndProject
Project("{FAE04EC0-301F-11D3-BF4B-00C04F79EFBC}") = "EEN4PB_HSZF_2024251.Model", "EEN4PB_HSZF_2024251.Model\EEN4PB_HSZF_2024251.Model.csproj", "{B40C339B-FADF-4635-B323-3F617D29D9C2}"
EndProject
Project("{FAE04EC0-301F-11D3-BF4B-00C04F79EFBC}") = "EEN4PB_HSZF_2024251.Persistence.MsSql", "EEN4PB_HSZF_2024251.Persistence.MsSql\EEN4PB_HSZF_2024251.Persistence.MsSql.csproj", "{0240C9CF-DD4A-48F5-ACDD-C2082618672D}"
EndProject
Project("{FAE04EC0-301F-11D3-BF4B-00C04F79EFBC}") = "EEN4PB_HSZF_2024251.Test", "EEN4PB_HSZF_2024251.Test\EEN4PB_HSZF_2024251.Test.csproj", "{D8D39E26-7F16-40B1-AD49-0FA88A25C00E}"
EndProject
Project("{2150E333-8FDC-42A3-9474-1A3956D46DE8}") = "Application", "Application", "{0380CE23-4BAB-4AB7-B8D2-A25B6AB8BFD5}"
EndProject
Project("{2150E333-8FDC-42A3-9474-1A3956D46DE8}") = "Domain", "Domain", "{B5332A8B-BC55-4D98-B8CE-4A7AEE75ABA0}"
EndProject
Project("{2150E333-8FDC-42A3-9474-1A3956D46DE8}") = "Infrastructure", "Infrastructure", "{F17BA240-22D4-4331-B27D-0D75008DEF1D}"
EndProject
Project("{2150E333-8FDC-42A3-9474-1A3956D46DE8}") = "Presentation", "Presentation", "{D9BABC16-CF3F-46B0-827D-96CD1EAE1558}"
EndProject
Project("{2150E333-8FDC-42A3-9474-1A3956D46DE8}") = "Tests", "Tests", "{9474B6F8-D170-4293-8607-6ADFCFBE3107}"
EndProject
Global
	GlobalSection(SolutionConfigurationPlatforms) = preSolution
		Debug|Any CPU = Debug|Any CPU
		Release|Any CPU = Release|Any CPU
	EndGlobalSection
	GlobalSection(ProjectConfigurationPlatforms) = postSolution
		{09CCCF8D-A159-4B6C-8ECE-F86AB0467DE3}.Debug|Any CPU.ActiveCfg = Debug|Any CPU
		{09CCCF8D-A159-4B6C-8ECE-F86AB0467DE3}.Debug|Any CPU.Build.0 = Debug|Any CPU
		{09CCCF8D-A159-4B6C-8ECE-F86AB0467DE3}.Release|Any CPU.ActiveCfg = Release|Any CPU
		{09CCCF8D-A159-4B6C-8ECE-F86AB0467DE3}.Release|Any CPU.Build.0 = Release|Any CPU
		{017B1A49-582E-41CD-8F53-B14C363CF9BE}.Debug|Any CPU.ActiveCfg = Debug|Any CPU
		{017B1A49-582E-41CD-8F53-B14C363CF9BE}.Debug|Any CPU.Build.0 = Debug|Any CPU
		{017B1A49-582E-41CD-8F53-B14C363CF9BE}.Release|Any CPU.ActiveCfg = Release|Any CPU
		{017B1A49-582E-41CD-8F53-B14C363CF9BE}.Release|Any CPU.Build.0 = Release|Any CPU
		{B40C339B-FADF-4635-B323-3F617D29D9C2}.Debug|Any CPU.ActiveCfg = Debug|Any CPU
		{B40C339B-FADF-4635-B323-3F617D29D9C2}.Debug|Any CPU.Build.0 = Debug|Any CPU
		{B40C339B-FADF-4635-B323-3F617D29D9C2}.Release|Any CPU.ActiveCfg = Release|Any CPU
		{B40C339B-FADF-4635-B323-3F617D29D9C2}.Release|Any CPU.Build.0 = Release|Any CPU
		{0240C9CF-DD4A-48F5-ACDD-C2082618672D}.Debug|Any CPU.ActiveCfg = Debug|Any CPU
		{0240C9CF-DD4A-48F5-ACDD-C2082618672D}.Debug|Any CPU.Build.0 = Debug|Any CPU
		{0240C9CF-DD4A-48F5-ACDD-C2082618672D}.Release|Any CPU.ActiveCfg = Release|Any CPU
		{0240C9CF-DD4A-48F5-ACDD-C2082618672D}.Release|Any CPU.Build.0 = Release|Any CPU
		{D8D39E26-7F16-40B1-AD49-0FA88A25C00E}.Debug|Any CPU.ActiveCfg = Debug|Any CPU
		{D8D39E26-7F16-40B1-AD49-0FA88A25C00E}.Debug|Any CPU.Build.0 = Debug|Any CPU
		{D8D39E26-7F16-40B1-AD49-0FA88A25C00E}.Release|Any CPU.ActiveCfg = Release|Any CPU
		{D8D39E26-7F16-40B1-AD49-0FA88A25C00E}.Release|Any CPU.Build.0 = Release|Any CPU
	EndGlobalSection
	GlobalSection(SolutionProperties) = preSolution
		HideSolutionNode = FALSE
	EndGlobalSection
	GlobalSection(NestedProjects) = preSolution
		{09CCCF8D-A159-4B6C-8ECE-F86AB0467DE3} = {D9BABC16-CF3F-46B0-827D-96CD1EAE1558}
		{017B1A49-582E-41CD-8F53-B14C363CF9BE} = {0380CE23-4BAB-4AB7-B8D2-A25B6AB8BFD5}
		{B40C339B-FADF-4635-B323-3F617D29D9C2} = {B5332A8B-BC55-4D98-B8CE-4A7AEE75ABA0}
		{0240C9CF-DD4A-48F5-ACDD-C2082618672D} = {F17BA240-22D4-4331-B27D-0D75008DEF1D}
		{D8D39E26-7F16-40B1-AD49-0FA88A25C00E} = {9474B6F8-D170-4293-8607-6ADFCFBE3107}
	EndGlobalSection
	GlobalSection(ExtensibilityGlobals) = postSolution
		SolutionGuid = {89D391F0-1826-46F8-B0E2-42C44E492C34}
	EndGlobalSection
EndGlobal
